
Microsoft Visual Studio Solution File, Format Version 12.00
# Visual Studio Version 17
VisualStudioVersion = 17.11.35327.3
MinimumVisualStudioVersion = 10.0.40219.1
Project("{9A19103F-16F7-4668-BE54-9A1E7A4F7556}") = "LibraryManagementSystem", "LibraryManagementSystem\LibraryManagementSystem\LibraryManagementSystem.csproj", "{BFA95422-79C2-4568-BA21-FF0CD721E5A9}"
EndProject
Project("{9A19103F-16F7-4668-BE54-9A1E7A4F7556}") = "LibraryManagementSystem.Client", "LibraryManagementSystem\LibraryManagementSystem.Client\LibraryManagementSystem.Client.csproj", "{C898BC9C-613A-4162-89D9-C9656E60DEF4}"
EndProject
Global
	GlobalSection(SolutionConfigurationPlatforms) = preSolution
		Debug|Any CPU = Debug|Any CPU
		Release|Any CPU = Release|Any CPU
	EndGlobalSection
	GlobalSection(ProjectConfigurationPlatforms) = postSolution
		{BFA95422-79C2-4568-BA21-FF0CD721E5A9}.Debug|Any CPU.ActiveCfg = Debug|Any CPU
		{BFA95422-79C2-4568-BA21-FF0CD721E5A9}.Debug|Any CPU.Build.0 = Debug|Any CPU
		{BFA95422-79C2-4568-BA21-FF0CD721E5A9}.Release|Any CPU.ActiveCfg = Release|Any CPU
		{BFA95422-79C2-4568-BA21-FF0CD721E5A9}.Release|Any CPU.Build.0 = Release|Any CPU
		{C898BC9C-613A-4162-89D9-C9656E60DEF4}.Debug|Any CPU.ActiveCfg = Debug|Any CPU
		{C898BC9C-613A-4162-89D9-C9656E60DEF4}.Debug|Any CPU.Build.0 = Debug|Any CPU
		{C898BC9C-613A-4162-89D9-C9656E60DEF4}.Release|Any CPU.ActiveCfg = Release|Any CPU
		{C898BC9C-613A-4162-89D9-C9656E60DEF4}.Release|Any CPU.Build.0 = Release|Any CPU
	EndGlobalSection
	GlobalSection(SolutionProperties) = preSolution
		HideSolutionNode = FALSE
	EndGlobalSection
	GlobalSection(ExtensibilityGlobals) = postSolution
		SolutionGuid = {426DF52C-0DC8-45EF-8A93-5A641180BB72}
	EndGlobalSection
EndGlobal
