
Microsoft Visual Studio Solution File, Format Version 12.00
# Visual Studio Version 17
VisualStudioVersion = 17.11.35327.3
MinimumVisualStudioVersion = 10.0.40219.1
Project("{FAE04EC0-301F-11D3-BF4B-00C04F79EFBC}") = "ProducerConsumerQueue.ConsoleApplication", "ProducerConsumerQueue.ConsoleApplication\ProducerConsumerQueue.ConsoleApplication.csproj", "{E9D746AB-323D-47BF-9CD8-835E9D716CA9}"
EndProject
Project("{FAE04EC0-301F-11D3-BF4B-00C04F79EFBC}") = "ProducerConsumerQueue.Tests", "ProducerConsumerQueue.Tests\ProducerConsumerQueue.Tests.csproj", "{3C148941-9212-453D-BE19-3FF7BEB2E20E}"
EndProject
Project("{2150E333-8FDC-42A3-9474-1A3956D46DE8}") = "Solution Items", "Solution Items", "{F9937B55-19FF-414C-A2A1-0D4A4657CFD5}"
	ProjectSection(SolutionItems) = preProject
		README.md = README.md
	EndProjectSection
EndProject
Global
	GlobalSection(SolutionConfigurationPlatforms) = preSolution
		Debug|Any CPU = Debug|Any CPU
		Release|Any CPU = Release|Any CPU
	EndGlobalSection
	GlobalSection(ProjectConfigurationPlatforms) = postSolution
		{E9D746AB-323D-47BF-9CD8-835E9D716CA9}.Debug|Any CPU.ActiveCfg = Debug|Any CPU
		{E9D746AB-323D-47BF-9CD8-835E9D716CA9}.Debug|Any CPU.Build.0 = Debug|Any CPU
		{E9D746AB-323D-47BF-9CD8-835E9D716CA9}.Release|Any CPU.ActiveCfg = Release|Any CPU
		{E9D746AB-323D-47BF-9CD8-835E9D716CA9}.Release|Any CPU.Build.0 = Release|Any CPU
		{3C148941-9212-453D-BE19-3FF7BEB2E20E}.Debug|Any CPU.ActiveCfg = Debug|Any CPU
		{3C148941-9212-453D-BE19-3FF7BEB2E20E}.Debug|Any CPU.Build.0 = Debug|Any CPU
		{3C148941-9212-453D-BE19-3FF7BEB2E20E}.Release|Any CPU.ActiveCfg = Release|Any CPU
		{3C148941-9212-453D-BE19-3FF7BEB2E20E}.Release|Any CPU.Build.0 = Release|Any CPU
	EndGlobalSection
	GlobalSection(SolutionProperties) = preSolution
		HideSolutionNode = FALSE
	EndGlobalSection
	GlobalSection(ExtensibilityGlobals) = postSolution
		SolutionGuid = {3F0BFE44-1165-4171-A36F-D574EB1F6611}
	EndGlobalSection
EndGlobal
